# This file is autogenerated, do not edit; changes may be undone by the next 'dep ensure'.


[[projects]]
  digest = "1:d5e752c67b445baa5b6cb6f8aa706775c2aa8e41aca95a0c651520ff2c80361a"
  name = "github.com/Microsoft/go-winio"
  packages = [
    ".",
    "pkg/guid",
  ]
  pruneopts = "UT"
  revision = "6c72808b55902eae4c5943626030429ff20f3b63"
  version = "v0.4.14"

[[projects]]
  digest = "1:b28f788c0be42a6d26f07b282c5ff5f814ab7ad5833810ef0bc5f56fb9bedf11"
  name = "github.com/Microsoft/hcsshim"
  packages = [
    ".",
    "internal/cow",
    "internal/hcs",
    "internal/hcserror",
    "internal/hns",
    "internal/interop",
    "internal/log",
    "internal/logfields",
    "internal/longpath",
    "internal/mergemaps",
    "internal/oc",
    "internal/safefile",
    "internal/schema1",
    "internal/schema2",
    "internal/timeout",
    "internal/vmcompute",
    "internal/wclayer",
  ]
  pruneopts = "UT"
  revision = "9e921883ac929bbe515b39793ece99ce3a9d7706"

[[projects]]
  digest = "1:74860eb071d52337d67e9ffd6893b29affebd026505aa917ec23131576a91a77"
  name = "github.com/alexellis/go-execute"
  packages = ["pkg/v1"]
  pruneopts = "UT"
  revision = "961405ea754427780f2151adff607fa740d377f7"
  version = "0.3.0"

[[projects]]
  digest = "1:6076d857867a70e87dd1994407deb142f27436f1293b13e75cc053192d14eb0c"
  name = "github.com/alexellis/k3sup"
  packages = ["pkg/env"]
  pruneopts = "UT"
  revision = "f9a4adddc732742a9ee7962609408fb0999f2d7b"
  version = "0.7.1"

[[projects]]
  digest = "1:386ca0ac781cc1b630b3ed21725759770174140164b3faf3810e6ed6366a970b"
  name = "github.com/containerd/containerd"
  packages = [
    ".",
    "api/services/containers/v1",
    "api/services/content/v1",
    "api/services/diff/v1",
    "api/services/events/v1",
    "api/services/images/v1",
    "api/services/introspection/v1",
    "api/services/leases/v1",
    "api/services/namespaces/v1",
    "api/services/snapshots/v1",
    "api/services/tasks/v1",
    "api/services/version/v1",
    "api/types",
    "api/types/task",
    "archive",
    "archive/compression",
    "cio",
    "containers",
    "content",
    "content/proxy",
    "defaults",
    "diff",
    "errdefs",
    "events",
    "events/exchange",
    "filters",
    "identifiers",
    "images",
    "images/archive",
    "labels",
    "leases",
    "leases/proxy",
    "log",
    "mount",
    "namespaces",
    "oci",
    "pkg/dialer",
    "platforms",
    "plugin",
    "reference",
    "remotes",
    "remotes/docker",
    "remotes/docker/schema1",
    "rootfs",
    "runtime/linux/runctypes",
    "runtime/v2/runc/options",
    "snapshots",
    "snapshots/proxy",
    "sys",
    "version",
  ]
  pruneopts = "UT"
  revision = "ff48f57fc83a8c44cf4ad5d672424a98ba37ded6"
  version = "v1.3.2"

[[projects]]
  digest = "1:7e9da25c7a952c63e31ed367a88eede43224b0663b58eb452870787d8ddb6c70"
  name = "github.com/containerd/continuity"
  packages = [
    "fs",
    "syscallx",
    "sysx",
  ]
  pruneopts = "UT"
  revision = "f2a389ac0a02ce21c09edd7344677a601970f41c"

[[projects]]
  digest = "1:1b9a7426259b5333d575785e21e1bd0decf18208f5bfb6424d24a50d5ddf83d0"
  name = "github.com/containerd/fifo"
  packages = ["."]
  pruneopts = "UT"
  revision = "bda0ff6ed73c67bfb5e62bc9c697f146b7fd7f13"

[[projects]]
  branch = "master"
  digest = "1:2301a9a859e3b0946e2ddd6961ba6faf6857e6e68bc9293db758dbe3b17cc35e"
  name = "github.com/containerd/go-cni"
  packages = ["."]
  pruneopts = "UT"
  revision = "c154a49e2c754b83ebfb12ebf1362213b94d23e6"

[[projects]]
  digest = "1:6d66a41dbbc6819902f1589d0550bc01c18032c0a598a7cd656731e6df73861b"
  name = "github.com/containerd/ttrpc"
  packages = ["."]
  pruneopts = "UT"
  revision = "92c8520ef9f86600c650dd540266a007bf03670f"

[[projects]]
  digest = "1:7b4683388adabc709dbb082c13ba35967f072379c85b4acde997c1ca75af5981"
  name = "github.com/containerd/typeurl"
  packages = ["."]
  pruneopts = "UT"
  revision = "a93fcdb778cd272c6e9b3028b2f42d813e785d40"

[[projects]]
  digest = "1:1a07bbfee1d0534e8dda4773948e6dcd3a061ea7ab047ce04619476946226483"
  name = "github.com/containernetworking/cni"
  packages = [
    "libcni",
    "pkg/invoke",
    "pkg/types",
    "pkg/types/020",
    "pkg/types/current",
    "pkg/version",
  ]
  pruneopts = "UT"
  revision = "4cfb7b568922a3c79a23e438dc52fe537fc9687e"
  version = "v0.7.1"

[[projects]]
  digest = "1:e495f9f1fb2bae55daeb76e099292054fe1f734947274b3cfc403ccda595d55a"
  name = "github.com/docker/distribution"
  packages = [
    "digestset",
    "reference",
    "registry/api/errcode",
  ]
  pruneopts = "UT"
  revision = "0d3efadf0154c2b8a4e7b6621fff9809655cc580"

[[projects]]
  digest = "1:0938aba6e09d72d48db029d44dcfa304851f52e2d67cda920436794248e92793"
  name = "github.com/docker/go-events"
  packages = ["."]
  pruneopts = "UT"
  revision = "9461782956ad83b30282bf90e31fa6a70c255ba9"

[[projects]]
  digest = "1:fa6faf4a2977dc7643de38ae599a95424d82f8ffc184045510737010a82c4ecd"
  name = "github.com/gogo/googleapis"
  packages = ["google/rpc"]
  pruneopts = "UT"
  revision = "d31c731455cb061f42baff3bda55bad0118b126b"
  version = "v1.2.0"

[[projects]]
  digest = "1:4107f4e81e8fd2e80386b4ed56b05e3a1fe26ecc7275fe80bb9c3a80a7344ff4"
  name = "github.com/gogo/protobuf"
  packages = [
    "proto",
    "sortkeys",
    "types",
  ]
  pruneopts = "UT"
  revision = "ba06b47c162d49f2af050fb4c75bcbc86a159d5c"
  version = "v1.2.1"

[[projects]]
  branch = "master"
  digest = "1:b7cb6054d3dff43b38ad2e92492f220f57ae6087ee797dca298139776749ace8"
  name = "github.com/golang/groupcache"
  packages = ["lru"]
  pruneopts = "UT"
  revision = "611e8accdfc92c4187d399e95ce826046d4c8d73"

[[projects]]
  digest = "1:f5ce1529abc1204444ec73779f44f94e2fa8fcdb7aca3c355b0c95947e4005c6"
  name = "github.com/golang/protobuf"
  packages = [
    "proto",
    "ptypes",
    "ptypes/any",
    "ptypes/duration",
    "ptypes/timestamp",
  ]
  pruneopts = "UT"
  revision = "6c65a5562fc06764971b7c5d05c76c75e84bdbf7"
  version = "v1.3.2"

[[projects]]
  digest = "1:cbec35fe4d5a4fba369a656a8cd65e244ea2c743007d8f6c1ccb132acf9d1296"
  name = "github.com/gorilla/mux"
  packages = ["."]
  pruneopts = "UT"
  revision = "00bdffe0f3c77e27d2cf6f5c70232a2d3e4d9c15"
  version = "v1.7.3"

[[projects]]
  digest = "1:870d441fe217b8e689d7949fef6e43efbc787e50f200cb1e70dbca9204a1d6be"
  name = "github.com/inconshreveable/mousetrap"
  packages = ["."]
  pruneopts = "UT"
  revision = "76626ae9c91c4f2a10f34cad8ce83ea42c93bb75"
  version = "v1.0"

[[projects]]
  digest = "1:31e761d97c76151dde79e9d28964a812c46efc5baee4085b86f68f0c654450de"
  name = "github.com/konsorten/go-windows-terminal-sequences"
  packages = ["."]
  pruneopts = "UT"
  revision = "f55edac94c9bbba5d6182a4be46d86a2c9b5b50e"
  version = "v1.0.2"

[[projects]]
  digest = "1:906eb1ca3c8455e447b99a45237b2b9615b665608fd07ad12cce847dd9a1ec43"
  name = "github.com/morikuni/aec"
  packages = ["."]
  pruneopts = "UT"
  revision = "39771216ff4c63d11f5e604076f9c45e8be1067b"
  version = "v1.0.0"

[[projects]]
  digest = "1:bc62c2c038cc8ae51b68f6d52570501a763bb71e78736a9f65d60762429864a9"
  name = "github.com/opencontainers/go-digest"
  packages = ["."]
  pruneopts = "UT"
  revision = "c9281466c8b2f606084ac71339773efd177436e7"

[[projects]]
  digest = "1:70711188c19c53147099d106169d6a81941ed5c2658651432de564a7d60fd288"
  name = "github.com/opencontainers/image-spec"
  packages = [
    "identity",
    "specs-go",
    "specs-go/v1",
  ]
  pruneopts = "UT"
  revision = "d60099175f88c47cd379c4738d158884749ed235"
  version = "v1.0.1"

[[projects]]
  digest = "1:18d6ebfbabffccba7318a4e26028b0d41f23ff359df3dc07a53b37a9f3a4a994"
  name = "github.com/opencontainers/runc"
  packages = [
    "libcontainer/system",
    "libcontainer/user",
  ]
  pruneopts = "UT"
  revision = "d736ef14f0288d6993a1845745d6756cfc9ddd5a"
  version = "v1.0.0-rc9"

[[projects]]
  digest = "1:7a58202c5cdf3d2c1eb0621fe369315561cea7f036ad10f0f0479ac36bcc95eb"
  name = "github.com/opencontainers/runtime-spec"
  packages = ["specs-go"]
  pruneopts = "UT"
  revision = "29686dbc5559d93fb1ef402eeda3e35c38d75af4"

[[projects]]
  digest = "1:cdf3df431e70077f94e14a99305808e3d13e96262b4686154970f448f7248842"
  name = "github.com/openfaas/faas"
  packages = ["gateway/requests"]
  pruneopts = "UT"
  revision = "80b6976c106370a7081b2f8e9099a6ea9638e1f3"
  version = "0.18.10"

[[projects]]
  digest = "1:6f21508bd38feec0d440ca862f5adcb4c955713f3eb4e075b9af731e6ef258ba"
  name = "github.com/openfaas/faas-provider"
  packages = [
    ".",
    "auth",
    "httputil",
    "proxy",
    "types",
  ]
  pruneopts = "UT"
  revision = "8f7c35975e1b2bf8286c2f90ee51633eec427491"
  version = "0.14.0"

[[projects]]
  digest = "1:cf31692c14422fa27c83a05292eb5cbe0fb2775972e8f1f8446a71549bd8980b"
  name = "github.com/pkg/errors"
  packages = ["."]
  pruneopts = "UT"
  revision = "ba968bfe8b2f7e042a574c888954fccecfa385b4"
  version = "v0.8.1"

[[projects]]
  digest = "1:044c51736e2688a3e4f28f72537f8a7b3f9c188fab4477d5334d92dfe2c07ed5"
  name = "github.com/sethvargo/go-password"
  packages = ["password"]
  pruneopts = "UT"
  revision = "07c3d521e892540e71469bb0312866130714c038"
  version = "v0.1.3"

[[projects]]
  digest = "1:fd61cf4ae1953d55df708acb6b91492d538f49c305b364a014049914495db426"
  name = "github.com/sirupsen/logrus"
  packages = ["."]
  pruneopts = "UT"
  revision = "8bdbc7bcc01dcbb8ec23dc8a28e332258d25251f"
  version = "v1.4.1"

[[projects]]
  digest = "1:e096613fb7cf34743d49af87d197663cfccd61876e2219853005a57baedfa562"
  name = "github.com/spf13/cobra"
  packages = ["."]
  pruneopts = "UT"
  revision = "f2b07da1e2c38d5f12845a4f607e2e1018cbb1f5"
  version = "v0.0.5"

[[projects]]
  digest = "1:524b71991fc7d9246cc7dc2d9e0886ccb97648091c63e30eef619e6862c955dd"
  name = "github.com/spf13/pflag"
  packages = ["."]
  pruneopts = "UT"
  revision = "2e9d26c8c37aae03e3f9d4e90b7116f5accb7cab"
  version = "v1.0.5"

[[projects]]
  branch = "master"
  digest = "1:e14e467ed00ab98665623c5060fa17e3d7079be560ffc33cabafd05d35894f05"
  name = "github.com/syndtr/gocapability"
  packages = ["capability"]
  pruneopts = "UT"
  revision = "d98352740cb2c55f81556b63d4a1ec64c5a319c2"

[[projects]]
  digest = "1:2d9d06cb9d46dacfdbb45f8575b39fc0126d083841a29d4fbf8d97708f43107e"
  name = "github.com/vishvananda/netlink"
  packages = [
    ".",
    "nl",
  ]
  pruneopts = "UT"
  revision = "a2ad57a690f3caf3015351d2d6e1c0b95c349752"
  version = "v1.0.0"

[[projects]]
  branch = "master"
  digest = "1:975cb0c04431bf92e60b636a15897c4a3faba9f7dc04da505646630ac91d29d3"
  name = "github.com/vishvananda/netns"
  packages = ["."]
  pruneopts = "UT"
  revision = "0a2b9b5464df8343199164a0321edf3313202f7e"

[[projects]]
  digest = "1:aed53a5fa03c1270457e331cf8b7e210e3088a2278fec552c5c5d29c1664e161"
  name = "go.opencensus.io"
  packages = [
    ".",
    "internal",
    "trace",
    "trace/internal",
    "trace/tracestate",
  ]
  pruneopts = "UT"
  revision = "aad2c527c5defcf89b5afab7f37274304195a6b2"
  version = "v0.22.2"

[[projects]]
  branch = "master"
  digest = "1:676f320d34ccfa88bfa6d04bdf388ed7062af175355c805ef57ccda1a3f13432"
  name = "golang.org/x/net"
  packages = [
    "context",
    "context/ctxhttp",
    "http/httpguts",
    "http2",
    "http2/hpack",
    "idna",
    "internal/timeseries",
    "trace",
  ]
  pruneopts = "UT"
  revision = "c0dbc17a35534bf2e581d7a942408dc936316da4"

[[projects]]
  digest = "1:d6b0cfc5ae30841c4b116ac589629f56f8add0955a39f11d8c0d06ca67f5b3d5"
  name = "golang.org/x/sync"
  packages = [
    "errgroup",
    "semaphore",
  ]
  pruneopts = "UT"
  revision = "42b317875d0fa942474b76e1b46a6060d720ae6e"

[[projects]]
  branch = "master"
  digest = "1:a76bac71eb452a046b47f82336ba792d8de988688a912f3fd0e8ec8e57fe1bb4"
  name = "golang.org/x/sys"
  packages = [
    "unix",
    "windows",
  ]
  pruneopts = "UT"
  revision = "af0d71d358abe0ba3594483a5d519f429dbae3e9"

[[projects]]
  digest = "1:8d8faad6b12a3a4c819a3f9618cb6ee1fa1cfc33253abeeea8b55336721e3405"
  name = "golang.org/x/text"
  packages = [
    "collate",
    "collate/build",
    "internal/colltab",
    "internal/gen",
    "internal/language",
    "internal/language/compact",
    "internal/tag",
    "internal/triegen",
    "internal/ucd",
    "language",
    "secure/bidirule",
    "transform",
    "unicode/bidi",
    "unicode/cldr",
    "unicode/norm",
    "unicode/rangetable",
  ]
  pruneopts = "UT"
  revision = "342b2e1fbaa52c93f31447ad2c6abc048c63e475"
  version = "v0.3.2"

[[projects]]
  branch = "master"
  digest = "1:583a0c80f5e3a9343d33aea4aead1e1afcc0043db66fdf961ddd1fe8cd3a4faf"
  name = "google.golang.org/genproto"
  packages = ["googleapis/rpc/status"]
  pruneopts = "UT"
  revision = "b31c10ee225f87dbb9f5f878ead9d64f34f5cbbb"

[[projects]]
  digest = "1:48eafc052e46b4ebbc7882553873cf6198203e528627cefc94dcaf8553addd19"
  name = "google.golang.org/grpc"
  packages = [
    ".",
    "balancer",
    "balancer/base",
    "balancer/roundrobin",
    "binarylog/grpc_binarylog_v1",
    "codes",
    "connectivity",
    "credentials",
    "credentials/internal",
    "encoding",
    "encoding/proto",
    "grpclog",
    "health/grpc_health_v1",
    "internal",
    "internal/backoff",
    "internal/balancerload",
    "internal/binarylog",
    "internal/channelz",
    "internal/envconfig",
    "internal/grpcrand",
    "internal/grpcsync",
    "internal/syscall",
    "internal/transport",
    "keepalive",
    "metadata",
    "naming",
    "peer",
    "resolver",
    "resolver/dns",
    "resolver/passthrough",
    "serviceconfig",
    "stats",
    "status",
    "tap",
  ]
  pruneopts = "UT"
  revision = "6eaf6f47437a6b4e2153a190160ef39a92c7eceb"
  version = "v1.23.0"

[solve-meta]
  analyzer-name = "dep"
  analyzer-version = 1
  input-imports = [
    "github.com/alexellis/go-execute/pkg/v1",
    "github.com/alexellis/k3sup/pkg/env",
    "github.com/containerd/containerd",
    "github.com/containerd/containerd/cio",
    "github.com/containerd/containerd/containers",
    "github.com/containerd/containerd/errdefs",
    "github.com/containerd/containerd/namespaces",
    "github.com/containerd/containerd/oci",
    "github.com/containerd/go-cni",
    "github.com/gorilla/mux",
    "github.com/morikuni/aec",
    "github.com/opencontainers/runtime-spec/specs-go",
    "github.com/openfaas/faas-provider",
    "github.com/openfaas/faas-provider/proxy",
    "github.com/openfaas/faas-provider/types",
    "github.com/openfaas/faas/gateway/requests",
    "github.com/pkg/errors",
    "github.com/sethvargo/go-password/password",
    "github.com/spf13/cobra",
    "github.com/vishvananda/netlink",
    "github.com/vishvananda/netns",
    "golang.org/x/sys/unix",
  ]
  solver-name = "gps-cdcl"
  solver-version = 1
